
Microsoft Visual Studio Solution File, Format Version 12.00
# Visual Studio Version 17
VisualStudioVersion = 17.5.33516.290
MinimumVisualStudioVersion = 10.0.40219.1
Project("{9A19103F-16F7-4668-BE54-9A1E7A4F7556}") = "RadzenBlazorPOC.Server", "RadzenBlazorPOC\Server\RadzenBlazorPOC.Server.csproj", "{1B2220F9-B9AB-45A8-BE16-E0E0697D561A}"
EndProject
Project("{9A19103F-16F7-4668-BE54-9A1E7A4F7556}") = "RadzenBlazorPOC.Client", "RadzenBlazorPOC\Client\RadzenBlazorPOC.Client.csproj", "{22BBF9B6-A615-4415-A600-94BA628A8DB1}"
EndProject
Project("{9A19103F-16F7-4668-BE54-9A1E7A4F7556}") = "RadzenBlazorPOC.Shared", "RadzenBlazorPOC\Shared\RadzenBlazorPOC.Shared.csproj", "{CF03632E-4880-450B-B239-436995E25749}"
EndProject
Global
	GlobalSection(SolutionConfigurationPlatforms) = preSolution
		Debug|Any CPU = Debug|Any CPU
		Release|Any CPU = Release|Any CPU
	EndGlobalSection
	GlobalSection(ProjectConfigurationPlatforms) = postSolution
		{1B2220F9-B9AB-45A8-BE16-E0E0697D561A}.Debug|Any CPU.ActiveCfg = Debug|Any CPU
		{1B2220F9-B9AB-45A8-BE16-E0E0697D561A}.Debug|Any CPU.Build.0 = Debug|Any CPU
		{1B2220F9-B9AB-45A8-BE16-E0E0697D561A}.Release|Any CPU.ActiveCfg = Release|Any CPU
		{1B2220F9-B9AB-45A8-BE16-E0E0697D561A}.Release|Any CPU.Build.0 = Release|Any CPU
		{22BBF9B6-A615-4415-A600-94BA628A8DB1}.Debug|Any CPU.ActiveCfg = Debug|Any CPU
		{22BBF9B6-A615-4415-A600-94BA628A8DB1}.Debug|Any CPU.Build.0 = Debug|Any CPU
		{22BBF9B6-A615-4415-A600-94BA628A8DB1}.Release|Any CPU.ActiveCfg = Release|Any CPU
		{22BBF9B6-A615-4415-A600-94BA628A8DB1}.Release|Any CPU.Build.0 = Release|Any CPU
		{CF03632E-4880-450B-B239-436995E25749}.Debug|Any CPU.ActiveCfg = Debug|Any CPU
		{CF03632E-4880-450B-B239-436995E25749}.Debug|Any CPU.Build.0 = Debug|Any CPU
		{CF03632E-4880-450B-B239-436995E25749}.Release|Any CPU.ActiveCfg = Release|Any CPU
		{CF03632E-4880-450B-B239-436995E25749}.Release|Any CPU.Build.0 = Release|Any CPU
	EndGlobalSection
	GlobalSection(SolutionProperties) = preSolution
		HideSolutionNode = FALSE
	EndGlobalSection
	GlobalSection(ExtensibilityGlobals) = postSolution
		SolutionGuid = {139F3146-E947-4A2C-B97A-68D48F638F92}
	EndGlobalSection
EndGlobal
